// !$*UTF8*$!
{
	archiveVersion = 1;
	classes = {
	};
	objectVersion = 46;
	objects = {

/* Begin PBXBuildFile section */
		65B93E071B756C2500F8EB13 /* AppDelegate.swift in Sources */ = {isa = PBXBuildFile; fileRef = 65B93E061B756C2500F8EB13 /* AppDelegate.swift */; };
		65B93E091B756C2500F8EB13 /* ViewController.swift in Sources */ = {isa = PBXBuildFile; fileRef = 65B93E081B756C2500F8EB13 /* ViewController.swift */; };
		65B93E0E1B756C2500F8EB13 /* Images.xcassets in Resources */ = {isa = PBXBuildFile; fileRef = 65B93E0D1B756C2500F8EB13 /* Images.xcassets */; };
		65B93E111B756C2500F8EB13 /* LaunchScreen.xib in Resources */ = {isa = PBXBuildFile; fileRef = 65B93E0F1B756C2500F8EB13 /* LaunchScreen.xib */; };
		65B93E1D1B756C2500F8EB13 /* AutosizingTableCellsStudyTests.swift in Sources */ = {isa = PBXBuildFile; fileRef = 65B93E1C1B756C2500F8EB13 /* AutosizingTableCellsStudyTests.swift */; };
		65B93E271B756D2800F8EB13 /* TableViewCell.swift in Sources */ = {isa = PBXBuildFile; fileRef = 65B93E261B756D2800F8EB13 /* TableViewCell.swift */; };
/* End PBXBuildFile section */

/* Begin PBXContainerItemProxy section */
		65B93E171B756C2500F8EB13 /* PBXContainerItemProxy */ = {
			isa = PBXContainerItemProxy;
			containerPortal = 65B93DF91B756C2500F8EB13 /* Project object */;
			proxyType = 1;
			remoteGlobalIDString = 65B93E001B756C2500F8EB13;
			remoteInfo = AutosizingTableCellsStudy;
		};
/* End PBXContainerItemProxy section */

/* Begin PBXFileReference section */
		65B93E011B756C2500F8EB13 /* AutosizingTableCellsStudy.app */ = {isa = PBXFileReference; explicitFileType = wrapper.application; includeInIndex = 0; path = AutosizingTableCellsStudy.app; sourceTree = BUILT_PRODUCTS_DIR; };
		65B93E051B756C2500F8EB13 /* Info.plist */ = {isa = PBXFileReference; lastKnownFileType = text.plist.xml; path = Info.plist; sourceTree = "<group>"; };
		65B93E061B756C2500F8EB13 /* AppDelegate.swift */ = {isa = PBXFileReference; lastKnownFileType = sourcecode.swift; path = AppDelegate.swift; sourceTree = "<group>"; };
		65B93E081B756C2500F8EB13 /* ViewController.swift */ = {isa = PBXFileReference; lastKnownFileType = sourcecode.swift; path = ViewController.swift; sourceTree = "<group>"; };
		65B93E0D1B756C2500F8EB13 /* Images.xcassets */ = {isa = PBXFileReference; lastKnownFileType = folder.assetcatalog; path = Images.xcassets; sourceTree = "<group>"; };
		65B93E101B756C2500F8EB13 /* Base */ = {isa = PBXFileReference; lastKnownFileType = file.xib; name = Base; path = Base.lproj/LaunchScreen.xib; sourceTree = "<group>"; };
		65B93E161B756C2500F8EB13 /* AutosizingTableCellsStudyTests.xctest */ = {isa = PBXFileReference; explicitFileType = wrapper.cfbundle; includeInIndex = 0; path = AutosizingTableCellsStudyTests.xctest; sourceTree = BUILT_PRODUCTS_DIR; };
		65B93E1B1B756C2500F8EB13 /* Info.plist */ = {isa = PBXFileReference; lastKnownFileType = text.plist.xml; path = Info.plist; sourceTree = "<group>"; };
		65B93E1C1B756C2500F8EB13 /* AutosizingTableCellsStudyTests.swift */ = {isa = PBXFileReference; lastKnownFileType = sourcecode.swift; path = AutosizingTableCellsStudyTests.swift; sourceTree = "<group>"; };
		65B93E261B756D2800F8EB13 /* TableViewCell.swift */ = {isa = PBXFileReference; fileEncoding = 4; lastKnownFileType = sourcecode.swift; path = TableViewCell.swift; sourceTree = "<group>"; };
/* End PBXFileReference section */

/* Begin PBXFrameworksBuildPhase section */
		65B93DFE1B756C2500F8EB13 /* Frameworks */ = {
			isa = PBXFrameworksBuildPhase;
			buildActionMask = 2147483647;
			files = (
			);
			runOnlyForDeploymentPostprocessing = 0;
		};
		65B93E131B756C2500F8EB13 /* Frameworks */ = {
			isa = PBXFrameworksBuildPhase;
			buildActionMask = 2147483647;
			files = (
			);
			runOnlyForDeploymentPostprocessing = 0;
		};
/* End PBXFrameworksBuildPhase section */

/* Begin PBXGroup section */
		65B93DF81B756C2500F8EB13 = {
			isa = PBXGroup;
			children = (
				65B93E031B756C2500F8EB13 /* AutosizingTableCellsStudy */,
				65B93E191B756C2500F8EB13 /* AutosizingTableCellsStudyTests */,
				65B93E021B756C2500F8EB13 /* Products */,
			);
			sourceTree = "<group>";
		};
		65B93E021B756C2500F8EB13 /* Products */ = {
			isa = PBXGroup;
			children = (
				65B93E011B756C2500F8EB13 /* AutosizingTableCellsStudy.app */,
				65B93E161B756C2500F8EB13 /* AutosizingTableCellsStudyTests.xctest */,
			);
			name = Products;
			sourceTree = "<group>";
		};
		65B93E031B756C2500F8EB13 /* AutosizingTableCellsStudy */ = {
			isa = PBXGroup;
			children = (
				65B93E061B756C2500F8EB13 /* AppDelegate.swift */,
				65B93E081B756C2500F8EB13 /* ViewController.swift */,
				65B93E0D1B756C2500F8EB13 /* Images.xcassets */,
				65B93E0F1B756C2500F8EB13 /* LaunchScreen.xib */,
				65B93E041B756C2500F8EB13 /* Supporting Files */,
				65B93E261B756D2800F8EB13 /* TableViewCell.swift */,
			);
			path = AutosizingTableCellsStudy;
			sourceTree = "<group>";
		};
		65B93E041B756C2500F8EB13 /* Supporting Files */ = {
			isa = PBXGroup;
			children = (
				65B93E051B756C2500F8EB13 /* Info.plist */,
			);
			name = "Supporting Files";
			sourceTree = "<group>";
		};
		65B93E191B756C2500F8EB13 /* AutosizingTableCellsStudyTests */ = {
			isa = PBXGroup;
			children = (
				65B93E1C1B756C2500F8EB13 /* AutosizingTableCellsStudyTests.swift */,
				65B93E1A1B756C2500F8EB13 /* Supporting Files */,
			);
			path = AutosizingTableCellsStudyTests;
			sourceTree = "<group>";
		};
		65B93E1A1B756C2500F8EB13 /* Supporting Files */ = {
			isa = PBXGroup;
			children = (
				65B93E1B1B756C2500F8EB13 /* Info.plist */,
			);
			name = "Supporting Files";
			sourceTree = "<group>";
		};
/* End PBXGroup section */

/* Begin PBXNativeTarget section */
		65B93E001B756C2500F8EB13 /* AutosizingTableCellsStudy */ = {
			isa = PBXNativeTarget;
			buildConfigurationList = 65B93E201B756C2500F8EB13 /* Build configuration list for PBXNativeTarget "AutosizingTableCellsStudy" */;
			buildPhases = (
				65B93DFD1B756C2500F8EB13 /* Sources */,
				65B93DFE1B756C2500F8EB13 /* Frameworks */,
				65B93DFF1B756C2500F8EB13 /* Resources */,
			);
			buildRules = (
			);
			dependencies = (
			);
			name = AutosizingTableCellsStudy;
			productName = AutosizingTableCellsStudy;
			productReference = 65B93E011B756C2500F8EB13 /* AutosizingTableCellsStudy.app */;
			productType = "com.apple.product-type.application";
		};
		65B93E151B756C2500F8EB13 /* AutosizingTableCellsStudyTests */ = {
			isa = PBXNativeTarget;
			buildConfigurationList = 65B93E231B756C2500F8EB13 /* Build configuration list for PBXNativeTarget "AutosizingTableCellsStudyTests" */;
			buildPhases = (
				65B93E121B756C2500F8EB13 /* Sources */,
				65B93E131B756C2500F8EB13 /* Frameworks */,
				65B93E141B756C2500F8EB13 /* Resources */,
			);
			buildRules = (
			);
			dependencies = (
				65B93E181B756C2500F8EB13 /* PBXTargetDependency */,
			);
			name = AutosizingTableCellsStudyTests;
			productName = AutosizingTableCellsStudyTests;
			productReference = 65B93E161B756C2500F8EB13 /* AutosizingTableCellsStudyTests.xctest */;
			productType = "com.apple.product-type.bundle.unit-test";
		};
/* End PBXNativeTarget section */

/* Begin PBXProject section */
		65B93DF91B756C2500F8EB13 /* Project object */ = {
			isa = PBXProject;
			attributes = {
				LastUpgradeCheck = 0640;
				ORGANIZATIONNAME = "Dan Ramteke Consulting Inc";
				TargetAttributes = {
					65B93E001B756C2500F8EB13 = {
						CreatedOnToolsVersion = 6.4;
					};
					65B93E151B756C2500F8EB13 = {
						CreatedOnToolsVersion = 6.4;
						TestTargetID = 65B93E001B756C2500F8EB13;
					};
				};
			};
			buildConfigurationList = 65B93DFC1B756C2500F8EB13 /* Build configuration list for PBXProject "AutosizingTableCellsStudy" */;
			compatibilityVersion = "Xcode 3.2";
			developmentRegion = English;
			hasScannedForEncodings = 0;
			knownRegions = (
				en,
				Base,
			);
			mainGroup = 65B93DF81B756C2500F8EB13;
			productRefGroup = 65B93E021B756C2500F8EB13 /* Products */;
			projectDirPath = "";
			projectRoot = "";
			targets = (
				65B93E001B756C2500F8EB13 /* AutosizingTableCellsStudy */,
				65B93E151B756C2500F8EB13 /* AutosizingTableCellsStudyTests */,
			);
		};
/* End PBXProject section */

/* Begin PBXResourcesBuildPhase section */
		65B93DFF1B756C2500F8EB13 /* Resources */ = {
			isa = PBXResourcesBuildPhase;
			buildActionMask = 2147483647;
			files = (
				65B93E111B756C2500F8EB13 /* LaunchScreen.xib in Resources */,
				65B93E0E1B756C2500F8EB13 /* Images.xcassets in Resources */,
			);
			runOnlyForDeploymentPostprocessing = 0;
		};
		65B93E141B756C2500F8EB13 /* Resources */ = {
			isa = PBXResourcesBuildPhase;
			buildActionMask = 2147483647;
			files = (
			);
			runOnlyForDeploymentPostprocessing = 0;
		};
/* End PBXResourcesBuildPhase section */

/* Begin PBXSourcesBuildPhase section */
		65B93DFD1B756C2500F8EB13 /* Sources */ = {
			isa = PBXSourcesBuildPhase;
			buildActionMask = 2147483647;
			files = (
				65B93E271B756D2800F8EB13 /* TableViewCell.swift in Sources */,
				65B93E091B756C2500F8EB13 /* ViewController.swift in Sources */,
				65B93E071B756C2500F8EB13 /* AppDelegate.swift in Sources */,
			);
			runOnlyForDeploymentPostprocessing = 0;
		};
		65B93E121B756C2500F8EB13 /* Sources */ = {
			isa = PBXSourcesBuildPhase;
			buildActionMask = 2147483647;
			files = (
				65B93E1D1B756C2500F8EB13 /* AutosizingTableCellsStudyTests.swift in Sources */,
			);
			runOnlyForDeploymentPostprocessing = 0;
		};
/* End PBXSourcesBuildPhase section */

/* Begin PBXTargetDependency section */
		65B93E181B756C2500F8EB13 /* PBXTargetDependency */ = {
			isa = PBXTargetDependency;
			target = 65B93E001B756C2500F8EB13 /* AutosizingTableCellsStudy */;
			targetProxy = 65B93E171B756C2500F8EB13 /* PBXContainerItemProxy */;
		};
/* End PBXTargetDependency section */

/* Begin PBXVariantGroup section */
		65B93E0F1B756C2500F8EB13 /* LaunchScreen.xib */ = {
			isa = PBXVariantGroup;
			children = (
				65B93E101B756C2500F8EB13 /* Base */,
			);
			name = LaunchScreen.xib;
			sourceTree = "<group>";
		};
/* End PBXVariantGroup section */

/* Begin XCBuildConfiguration section */
		65B93E1E1B756C2500F8EB13 /* Debug */ = {
			isa = XCBuildConfiguration;
			buildSettings = {
				ALWAYS_SEARCH_USER_PATHS = NO;
				CLANG_CXX_LANGUAGE_STANDARD = "gnu++0x";
				CLANG_CXX_LIBRARY = "libc++";
				CLANG_ENABLE_MODULES = YES;
				CLANG_ENABLE_OBJC_ARC = YES;
				CLANG_WARN_BOOL_CONVERSION = YES;
				CLANG_WARN_CONSTANT_CONVERSION = YES;
				CLANG_WARN_DIRECT_OBJC_ISA_USAGE = YES_ERROR;
				CLANG_WARN_EMPTY_BODY = YES;
				CLANG_WARN_ENUM_CONVERSION = YES;
				CLANG_WARN_INT_CONVERSION = YES;
				CLANG_WARN_OBJC_ROOT_CLASS = YES_ERROR;
				CLANG_WARN_UNREACHABLE_CODE = YES;
				CLANG_WARN__DUPLICATE_METHOD_MATCH = YES;
				"CODE_SIGN_IDENTITY[sdk=iphoneos*]" = "iPhone Developer";
				COPY_PHASE_STRIP = NO;
				DEBUG_INFORMATION_FORMAT = "dwarf-with-dsym";
				ENABLE_STRICT_OBJC_MSGSEND = YES;
				GCC_C_LANGUAGE_STANDARD = gnu99;
				GCC_DYNAMIC_NO_PIC = NO;
				GCC_NO_COMMON_BLOCKS = YES;
				GCC_OPTIMIZATION_LEVEL = 0;
				GCC_PREPROCESSOR_DEFINITIONS = (
					"DEBUG=1",
					"$(inherited)",
				);
				GCC_SYMBOLS_PRIVATE_EXTERN = NO;
				GCC_WARN_64_TO_32_BIT_CONVERSION = YES;
				GCC_WARN_ABOUT_RETURN_TYPE = YES_ERROR;
				GCC_WARN_UNDECLARED_SELECTOR = YES;
				GCC_WARN_UNINITIALIZED_AUTOS = YES_AGGRESSIVE;
				GCC_WARN_UNUSED_FUNCTION = YES;
				GCC_WARN_UNUSED_VARIABLE = YES;
				IPHONEOS_DEPLOYMENT_TARGET = 8.4;
				MTL_ENABLE_DEBUG_INFO = YES;
				ONLY_ACTIVE_ARCH = YES;
				SDKROOT = iphoneos;
				SWIFT_OPTIMIZATION_LEVEL = "-Onone";
				TARGETED_DEVICE_FAMILY = "1,2";
			};
			name = Debug;
		};
		65B93E1F1B756C2500F8EB13 /* Release */ = {
			isa = XCBuildConfiguration;
			buildSettings = {
				ALWAYS_SEARCH_USER_PATHS = NO;
				CLANG_CXX_LANGUAGE_STANDARD = "gnu++0x";
				CLANG_CXX_LIBRARY = "libc++";
				CLANG_ENABLE_MODULES = YES;
				CLANG_ENABLE_OBJC_ARC = YES;
				CLANG_WARN_BOOL_CONVERSION = YES;
				CLANG_WARN_CONSTANT_CONVERSION = YES;
				CLANG_WARN_DIRECT_OBJC_ISA_USAGE = YES_ERROR;
				CLANG_WARN_EMPTY_BODY = YES;
				CLANG_WARN_ENUM_CONVERSION = YES;
				CLANG_WARN_INT_CONVERSION = YES;
				CLANG_WARN_OBJC_ROOT_CLASS = YES_ERROR;
				CLANG_WARN_UNREACHABLE_CODE = YES;
				CLANG_WARN__DUPLICATE_METHOD_MATCH = YES;
				"CODE_SIGN_IDENTITY[sdk=iphoneos*]" = "iPhone Developer";
				COPY_PHASE_STRIP = NO;
				DEBUG_INFORMATION_FORMAT = "dwarf-with-dsym";
				ENABLE_NS_ASSERTIONS = NO;
				ENABLE_STRICT_OBJC_MSGSEND = YES;
				GCC_C_LANGUAGE_STANDARD = gnu99;
				GCC_NO_COMMON_BLOCKS = YES;
				GCC_WARN_64_TO_32_BIT_CONVERSION = YES;
				GCC_WARN_ABOUT_RETURN_TYPE = YES_ERROR;
				GCC_WARN_UNDECLARED_SELECTOR = YES;
				GCC_WARN_UNINITIALIZED_AUTOS = YES_AGGRESSIVE;
				GCC_WARN_UNUSED_FUNCTION = YES;
				GCC_WARN_UNUSED_VARIABLE = YES;
				IPHONEOS_DEPLOYMENT_TARGET = 8.4;
				MTL_ENABLE_DEBUG_INFO = NO;
				SDKROOT = iphoneos;
				TARGETED_DEVICE_FAMILY = "1,2";
				VALIDATE_PRODUCT = YES;
			};
			name = Release;
		};
		65B93E211B756C2500F8EB13 /* Debug */ = {
			isa = XCBuildConfiguration;
			buildSettings = {
				ASSETCATALOG_COMPILER_APPICON_NAME = AppIcon;
				INFOPLIST_FILE = AutosizingTableCellsStudy/Info.plist;
				LD_RUNPATH_SEARCH_PATHS = "$(inherited) @executable_path/Frameworks";
				PRODUCT_NAME = "$(TARGET_NAME)";
			};
			name = Debug;
		};
		65B93E221B756C2500F8EB13 /* Release */ = {
			isa = XCBuildConfiguration;
			buildSettings = {
				ASSETCATALOG_COMPILER_APPICON_NAME = AppIcon;
				INFOPLIST_FILE = AutosizingTableCellsStudy/Info.plist;
				LD_RUNPATH_SEARCH_PATHS = "$(inherited) @executable_path/Frameworks";
				PRODUCT_NAME = "$(TARGET_NAME)";
			};
			name = Release;
		};
		65B93E241B756C2500F8EB13 /* Debug */ = {
			isa = XCBuildConfiguration;
			buildSettings = {
				BUNDLE_LOADER = "$(TEST_HOST)";
				FRAMEWORK_SEARCH_PATHS = (
					"$(SDKROOT)/Developer/Library/Frameworks",
					"$(inherited)",
				);
				GCC_PREPROCESSOR_DEFINITIONS = (
					"DEBUG=1",
					"$(inherited)",
				);
				INFOPLIST_FILE = AutosizingTableCellsStudyTests/Info.plist;
				LD_RUNPATH_SEARCH_PATHS = "$(inherited) @executable_path/Frameworks @loader_path/Frameworks";
				PRODUCT_NAME = "$(TARGET_NAME)";
				TEST_HOST = "$(BUILT_PRODUCTS_DIR)/AutosizingTableCellsStudy.app/AutosizingTableCellsStudy";
			};
			name = Debug;
		};
		65B93E251B756C2500F8EB13 /* Release */ = {
			isa = XCBuildConfiguration;
			buildSettings = {
				BUNDLE_LOADER = "$(TEST_HOST)";
				FRAMEWORK_SEARCH_PATHS = (
					"$(SDKROOT)/Developer/Library/Frameworks",
					"$(inherited)",
				);
				INFOPLIST_FILE = AutosizingTableCellsStudyTests/Info.plist;
				LD_RUNPATH_SEARCH_PATHS = "$(inherited) @executable_path/Frameworks @loader_path/Frameworks";
				PRODUCT_NAME = "$(TARGET_NAME)";
				TEST_HOST = "$(BUILT_PRODUCTS_DIR)/AutosizingTableCellsStudy.app/AutosizingTableCellsStudy";
			};
			name = Release;
		};
/* End XCBuildConfiguration section */

/* Begin XCConfigurationList section */
		65B93DFC1B756C2500F8EB13 /* Build configuration list for PBXProject "AutosizingTableCellsStudy" */ = {
			isa = XCConfigurationList;
			buildConfigurations = (
				65B93E1E1B756C2500F8EB13 /* Debug */,
				65B93E1F1B756C2500F8EB13 /* Release */,
			);
			defaultConfigurationIsVisible = 0;
			defaultConfigurationName = Release;
		};
		65B93E201B756C2500F8EB13 /* Build configuration list for PBXNativeTarget "AutosizingTableCellsStudy" */ = {
			isa = XCConfigurationList;
			buildConfigurations = (
				65B93E211B756C2500F8EB13 /* Debug */,
				65B93E221B756C2500F8EB13 /* Release */,
			);
			defaultConfigurationIsVisible = 0;
		};
		65B93E231B756C2500F8EB13 /* Build configuration list for PBXNativeTarget "AutosizingTableCellsStudyTests" */ = {
			isa = XCConfigurationList;
			buildConfigurations = (
				65B93E241B756C2500F8EB13 /* Debug */,
				65B93E251B756C2500F8EB13 /* Release */,
			);
			defaultConfigurationIsVisible = 0;
		};
/* End XCConfigurationList section */
	};
	rootObject = 65B93DF91B756C2500F8EB13 /* Project object */;
}
